PODS:
  - Lightbox (2.3.0):
    - SDWebImage (~> 5.0)
  - SDWebImage (5.0.1):
    - SDWebImage/Core (= 5.0.1)
  - SDWebImage/Core (5.0.1)

DEPENDENCIES:
  - Lightbox (from `../../`)

SPEC REPOS:
  https://github.com/cocoapods/specs.git:
    - SDWebImage

EXTERNAL SOURCES:
  Lightbox:
    :path: "../../"

SPEC CHECKSUMS:
  Lightbox: a676db22a6516f372129c7a3452e91ef7a06fca7
  SDWebImage: 27dd2c9ea07a2252f94557c9fbb6105ee94b74c9

PODFILE CHECKSUM: b83c742a4e980521b5e4ecea677674e5d021f820

COCOAPODS: 1.5.3
